
Microsoft Visual Studio Solution File, Format Version 12.00
# Visual Studio Version 16
VisualStudioVersion = 16.0.32002.261
MinimumVisualStudioVersion = 10.0.40219.1
Project("{2150E333-8FDC-42A3-9474-1A3956D46DE8}") = "Libraries", "Libraries", "{AA70DB07-B2B0-4304-9EF8-2391CC0FA0B0}"
EndProject
Project("{8BC9CEB8-8B4A-11D0-8D11-00A0C91BC942}") = "DataDistributionManager", "DataDistributionManager\DataDistributionManager.vcxproj", "{8F228993-29BF-4DAD-95AB-A553C1C23EF0}"
EndProject
Project("{8BC9CEB8-8B4A-11D0-8D11-00A0C91BC942}") = "DataDistributionManagerKafka", "DataDistributionManagerKafka\DataDistributionManagerKafka.vcxproj", "{83C34AD7-B6C6-41FE-986F-BFB7E4773689}"
	ProjectSection(ProjectDependencies) = postProject
		{8F228993-29BF-4DAD-95AB-A553C1C23EF0} = {8F228993-29BF-4DAD-95AB-A553C1C23EF0}
	EndProjectSection
EndProject
Project("{8BC9CEB8-8B4A-11D0-8D11-00A0C91BC942}") = "DataDistributionMastershipManager", "DataDistributionMastershipManager\DataDistributionMastershipManager.vcxproj", "{B885E87A-AC84-4EE6-8486-9BA16B465CB3}"
	ProjectSection(ProjectDependencies) = postProject
		{8F228993-29BF-4DAD-95AB-A553C1C23EF0} = {8F228993-29BF-4DAD-95AB-A553C1C23EF0}
	EndProjectSection
EndProject
Project("{8BC9CEB8-8B4A-11D0-8D11-00A0C91BC942}") = "DataDistributionManagerOpenDDS_Common", "DataDistributionManagerOpenDDS\DataDistributionManagerOpenDDS_Common.vcxproj", "{40B63857-FECA-1BAD-5002-3FDE0000002E}"
	ProjectSection(ProjectDependencies) = postProject
		{8F228993-29BF-4DAD-95AB-A553C1C23EF0} = {8F228993-29BF-4DAD-95AB-A553C1C23EF0}
	EndProjectSection
EndProject
Project("{2150E333-8FDC-42A3-9474-1A3956D46DE8}") = "Binders", "Binders", "{5625263C-E307-4AA5-9747-E008CA6DA579}"
EndProject
Project("{FAE04EC0-301F-11D3-BF4B-00C04F79EFBC}") = "DataDistributionManagerNet", "DataDistributionManagerNet\DataDistributionManagerNet.csproj", "{0C767E4D-8A2D-402D-AABF-59B04DD9260C}"
EndProject
Global
	GlobalSection(SolutionConfigurationPlatforms) = preSolution
		Debug|Any CPU = Debug|Any CPU
		Debug|Win32 = Debug|Win32
		Debug|x64 = Debug|x64
		Release|Any CPU = Release|Any CPU
		Release|Win32 = Release|Win32
		Release|x64 = Release|x64
		Unicode Debug|Any CPU = Unicode Debug|Any CPU
		Unicode Debug|Win32 = Unicode Debug|Win32
		Unicode Debug|x64 = Unicode Debug|x64
		Unicode Release|Any CPU = Unicode Release|Any CPU
		Unicode Release|Win32 = Unicode Release|Win32
		Unicode Release|x64 = Unicode Release|x64
	EndGlobalSection
	GlobalSection(ProjectConfigurationPlatforms) = postSolution
		{8F228993-29BF-4DAD-95AB-A553C1C23EF0}.Debug|Any CPU.ActiveCfg = Debug|Win32
		{8F228993-29BF-4DAD-95AB-A553C1C23EF0}.Debug|Win32.ActiveCfg = Debug|Win32
		{8F228993-29BF-4DAD-95AB-A553C1C23EF0}.Debug|Win32.Build.0 = Debug|Win32
		{8F228993-29BF-4DAD-95AB-A553C1C23EF0}.Debug|x64.ActiveCfg = Debug|x64
		{8F228993-29BF-4DAD-95AB-A553C1C23EF0}.Debug|x64.Build.0 = Debug|x64
		{8F228993-29BF-4DAD-95AB-A553C1C23EF0}.Release|Any CPU.ActiveCfg = Release|Win32
		{8F228993-29BF-4DAD-95AB-A553C1C23EF0}.Release|Win32.ActiveCfg = Release|Win32
		{8F228993-29BF-4DAD-95AB-A553C1C23EF0}.Release|Win32.Build.0 = Release|Win32
		{8F228993-29BF-4DAD-95AB-A553C1C23EF0}.Release|x64.ActiveCfg = Release|x64
		{8F228993-29BF-4DAD-95AB-A553C1C23EF0}.Release|x64.Build.0 = Release|x64
		{8F228993-29BF-4DAD-95AB-A553C1C23EF0}.Unicode Debug|Any CPU.ActiveCfg = Release|x64
		{8F228993-29BF-4DAD-95AB-A553C1C23EF0}.Unicode Debug|Any CPU.Build.0 = Release|x64
		{8F228993-29BF-4DAD-95AB-A553C1C23EF0}.Unicode Debug|Win32.ActiveCfg = Debug|Win32
		{8F228993-29BF-4DAD-95AB-A553C1C23EF0}.Unicode Debug|Win32.Build.0 = Debug|Win32
		{8F228993-29BF-4DAD-95AB-A553C1C23EF0}.Unicode Debug|x64.ActiveCfg = Debug|x64
		{8F228993-29BF-4DAD-95AB-A553C1C23EF0}.Unicode Debug|x64.Build.0 = Debug|x64
		{8F228993-29BF-4DAD-95AB-A553C1C23EF0}.Unicode Release|Any CPU.ActiveCfg = Release|x64
		{8F228993-29BF-4DAD-95AB-A553C1C23EF0}.Unicode Release|Any CPU.Build.0 = Release|x64
		{8F228993-29BF-4DAD-95AB-A553C1C23EF0}.Unicode Release|Win32.ActiveCfg = Release|Win32
		{8F228993-29BF-4DAD-95AB-A553C1C23EF0}.Unicode Release|Win32.Build.0 = Release|Win32
		{8F228993-29BF-4DAD-95AB-A553C1C23EF0}.Unicode Release|x64.ActiveCfg = Release|x64
		{8F228993-29BF-4DAD-95AB-A553C1C23EF0}.Unicode Release|x64.Build.0 = Release|x64
		{83C34AD7-B6C6-41FE-986F-BFB7E4773689}.Debug|Any CPU.ActiveCfg = Debug|Win32
		{83C34AD7-B6C6-41FE-986F-BFB7E4773689}.Debug|Win32.ActiveCfg = Debug|Win32
		{83C34AD7-B6C6-41FE-986F-BFB7E4773689}.Debug|Win32.Build.0 = Debug|Win32
		{83C34AD7-B6C6-41FE-986F-BFB7E4773689}.Debug|x64.ActiveCfg = Debug|x64
		{83C34AD7-B6C6-41FE-986F-BFB7E4773689}.Debug|x64.Build.0 = Debug|x64
		{83C34AD7-B6C6-41FE-986F-BFB7E4773689}.Release|Any CPU.ActiveCfg = Release|Win32
		{83C34AD7-B6C6-41FE-986F-BFB7E4773689}.Release|Win32.ActiveCfg = Release|Win32
		{83C34AD7-B6C6-41FE-986F-BFB7E4773689}.Release|Win32.Build.0 = Release|Win32
		{83C34AD7-B6C6-41FE-986F-BFB7E4773689}.Release|x64.ActiveCfg = Release|x64
		{83C34AD7-B6C6-41FE-986F-BFB7E4773689}.Release|x64.Build.0 = Release|x64
		{83C34AD7-B6C6-41FE-986F-BFB7E4773689}.Unicode Debug|Any CPU.ActiveCfg = Release|x64
		{83C34AD7-B6C6-41FE-986F-BFB7E4773689}.Unicode Debug|Any CPU.Build.0 = Release|x64
		{83C34AD7-B6C6-41FE-986F-BFB7E4773689}.Unicode Debug|Win32.ActiveCfg = Debug|Win32
		{83C34AD7-B6C6-41FE-986F-BFB7E4773689}.Unicode Debug|Win32.Build.0 = Debug|Win32
		{83C34AD7-B6C6-41FE-986F-BFB7E4773689}.Unicode Debug|x64.ActiveCfg = Debug|x64
		{83C34AD7-B6C6-41FE-986F-BFB7E4773689}.Unicode Debug|x64.Build.0 = Debug|x64
		{83C34AD7-B6C6-41FE-986F-BFB7E4773689}.Unicode Release|Any CPU.ActiveCfg = Release|x64
		{83C34AD7-B6C6-41FE-986F-BFB7E4773689}.Unicode Release|Any CPU.Build.0 = Release|x64
		{83C34AD7-B6C6-41FE-986F-BFB7E4773689}.Unicode Release|Win32.ActiveCfg = Release|Win32
		{83C34AD7-B6C6-41FE-986F-BFB7E4773689}.Unicode Release|Win32.Build.0 = Release|Win32
		{83C34AD7-B6C6-41FE-986F-BFB7E4773689}.Unicode Release|x64.ActiveCfg = Release|x64
		{83C34AD7-B6C6-41FE-986F-BFB7E4773689}.Unicode Release|x64.Build.0 = Release|x64
		{B885E87A-AC84-4EE6-8486-9BA16B465CB3}.Debug|Any CPU.ActiveCfg = Debug|Win32
		{B885E87A-AC84-4EE6-8486-9BA16B465CB3}.Debug|Win32.ActiveCfg = Debug|Win32
		{B885E87A-AC84-4EE6-8486-9BA16B465CB3}.Debug|Win32.Build.0 = Debug|Win32
		{B885E87A-AC84-4EE6-8486-9BA16B465CB3}.Debug|x64.ActiveCfg = Debug|x64
		{B885E87A-AC84-4EE6-8486-9BA16B465CB3}.Debug|x64.Build.0 = Debug|x64
		{B885E87A-AC84-4EE6-8486-9BA16B465CB3}.Release|Any CPU.ActiveCfg = Release|Win32
		{B885E87A-AC84-4EE6-8486-9BA16B465CB3}.Release|Win32.ActiveCfg = Release|Win32
		{B885E87A-AC84-4EE6-8486-9BA16B465CB3}.Release|Win32.Build.0 = Release|Win32
		{B885E87A-AC84-4EE6-8486-9BA16B465CB3}.Release|x64.ActiveCfg = Release|x64
		{B885E87A-AC84-4EE6-8486-9BA16B465CB3}.Release|x64.Build.0 = Release|x64
		{B885E87A-AC84-4EE6-8486-9BA16B465CB3}.Unicode Debug|Any CPU.ActiveCfg = Release|x64
		{B885E87A-AC84-4EE6-8486-9BA16B465CB3}.Unicode Debug|Any CPU.Build.0 = Release|x64
		{B885E87A-AC84-4EE6-8486-9BA16B465CB3}.Unicode Debug|Win32.ActiveCfg = Debug|Win32
		{B885E87A-AC84-4EE6-8486-9BA16B465CB3}.Unicode Debug|Win32.Build.0 = Debug|Win32
		{B885E87A-AC84-4EE6-8486-9BA16B465CB3}.Unicode Debug|x64.ActiveCfg = Debug|x64
		{B885E87A-AC84-4EE6-8486-9BA16B465CB3}.Unicode Debug|x64.Build.0 = Debug|x64
		{B885E87A-AC84-4EE6-8486-9BA16B465CB3}.Unicode Release|Any CPU.ActiveCfg = Release|x64
		{B885E87A-AC84-4EE6-8486-9BA16B465CB3}.Unicode Release|Any CPU.Build.0 = Release|x64
		{B885E87A-AC84-4EE6-8486-9BA16B465CB3}.Unicode Release|Win32.ActiveCfg = Release|Win32
		{B885E87A-AC84-4EE6-8486-9BA16B465CB3}.Unicode Release|Win32.Build.0 = Release|Win32
		{B885E87A-AC84-4EE6-8486-9BA16B465CB3}.Unicode Release|x64.ActiveCfg = Release|x64
		{B885E87A-AC84-4EE6-8486-9BA16B465CB3}.Unicode Release|x64.Build.0 = Release|x64
		{40B63857-FECA-1BAD-5002-3FDE0000002E}.Debug|Any CPU.ActiveCfg = Debug|Win32
		{40B63857-FECA-1BAD-5002-3FDE0000002E}.Debug|Win32.ActiveCfg = Debug|Win32
		{40B63857-FECA-1BAD-5002-3FDE0000002E}.Debug|Win32.Build.0 = Debug|Win32
		{40B63857-FECA-1BAD-5002-3FDE0000002E}.Debug|x64.ActiveCfg = Debug|x64
		{40B63857-FECA-1BAD-5002-3FDE0000002E}.Debug|x64.Build.0 = Debug|x64
		{40B63857-FECA-1BAD-5002-3FDE0000002E}.Release|Any CPU.ActiveCfg = Release|Win32
		{40B63857-FECA-1BAD-5002-3FDE0000002E}.Release|Win32.ActiveCfg = Release|Win32
		{40B63857-FECA-1BAD-5002-3FDE0000002E}.Release|Win32.Build.0 = Release|Win32
		{40B63857-FECA-1BAD-5002-3FDE0000002E}.Release|x64.ActiveCfg = Release|x64
		{40B63857-FECA-1BAD-5002-3FDE0000002E}.Release|x64.Build.0 = Release|x64
		{40B63857-FECA-1BAD-5002-3FDE0000002E}.Unicode Debug|Any CPU.ActiveCfg = Release|x64
		{40B63857-FECA-1BAD-5002-3FDE0000002E}.Unicode Debug|Any CPU.Build.0 = Release|x64
		{40B63857-FECA-1BAD-5002-3FDE0000002E}.Unicode Debug|Win32.ActiveCfg = Debug|Win32
		{40B63857-FECA-1BAD-5002-3FDE0000002E}.Unicode Debug|Win32.Build.0 = Debug|Win32
		{40B63857-FECA-1BAD-5002-3FDE0000002E}.Unicode Debug|x64.ActiveCfg = Debug|x64
		{40B63857-FECA-1BAD-5002-3FDE0000002E}.Unicode Debug|x64.Build.0 = Debug|x64
		{40B63857-FECA-1BAD-5002-3FDE0000002E}.Unicode Release|Any CPU.ActiveCfg = Release|x64
		{40B63857-FECA-1BAD-5002-3FDE0000002E}.Unicode Release|Any CPU.Build.0 = Release|x64
		{40B63857-FECA-1BAD-5002-3FDE0000002E}.Unicode Release|Win32.ActiveCfg = Release|Win32
		{40B63857-FECA-1BAD-5002-3FDE0000002E}.Unicode Release|Win32.Build.0 = Release|Win32
		{40B63857-FECA-1BAD-5002-3FDE0000002E}.Unicode Release|x64.ActiveCfg = Release|x64
		{40B63857-FECA-1BAD-5002-3FDE0000002E}.Unicode Release|x64.Build.0 = Release|x64
		{0C767E4D-8A2D-402D-AABF-59B04DD9260C}.Debug|Any CPU.ActiveCfg = Debug|Any CPU
		{0C767E4D-8A2D-402D-AABF-59B04DD9260C}.Debug|Any CPU.Build.0 = Debug|Any CPU
		{0C767E4D-8A2D-402D-AABF-59B04DD9260C}.Debug|Win32.ActiveCfg = Debug|Any CPU
		{0C767E4D-8A2D-402D-AABF-59B04DD9260C}.Debug|Win32.Build.0 = Debug|Any CPU
		{0C767E4D-8A2D-402D-AABF-59B04DD9260C}.Debug|x64.ActiveCfg = Debug|Any CPU
		{0C767E4D-8A2D-402D-AABF-59B04DD9260C}.Debug|x64.Build.0 = Debug|Any CPU
		{0C767E4D-8A2D-402D-AABF-59B04DD9260C}.Release|Any CPU.ActiveCfg = Release|Any CPU
		{0C767E4D-8A2D-402D-AABF-59B04DD9260C}.Release|Any CPU.Build.0 = Release|Any CPU
		{0C767E4D-8A2D-402D-AABF-59B04DD9260C}.Release|Win32.ActiveCfg = Release|Any CPU
		{0C767E4D-8A2D-402D-AABF-59B04DD9260C}.Release|Win32.Build.0 = Release|Any CPU
		{0C767E4D-8A2D-402D-AABF-59B04DD9260C}.Release|x64.ActiveCfg = Release|Any CPU
		{0C767E4D-8A2D-402D-AABF-59B04DD9260C}.Release|x64.Build.0 = Release|Any CPU
		{0C767E4D-8A2D-402D-AABF-59B04DD9260C}.Unicode Debug|Any CPU.ActiveCfg = Debug|Any CPU
		{0C767E4D-8A2D-402D-AABF-59B04DD9260C}.Unicode Debug|Any CPU.Build.0 = Debug|Any CPU
		{0C767E4D-8A2D-402D-AABF-59B04DD9260C}.Unicode Debug|Win32.ActiveCfg = Debug|Any CPU
		{0C767E4D-8A2D-402D-AABF-59B04DD9260C}.Unicode Debug|Win32.Build.0 = Debug|Any CPU
		{0C767E4D-8A2D-402D-AABF-59B04DD9260C}.Unicode Debug|x64.ActiveCfg = Debug|Any CPU
		{0C767E4D-8A2D-402D-AABF-59B04DD9260C}.Unicode Debug|x64.Build.0 = Debug|Any CPU
		{0C767E4D-8A2D-402D-AABF-59B04DD9260C}.Unicode Release|Any CPU.ActiveCfg = Release|Any CPU
		{0C767E4D-8A2D-402D-AABF-59B04DD9260C}.Unicode Release|Any CPU.Build.0 = Release|Any CPU
		{0C767E4D-8A2D-402D-AABF-59B04DD9260C}.Unicode Release|Win32.ActiveCfg = Release|Any CPU
		{0C767E4D-8A2D-402D-AABF-59B04DD9260C}.Unicode Release|Win32.Build.0 = Release|Any CPU
		{0C767E4D-8A2D-402D-AABF-59B04DD9260C}.Unicode Release|x64.ActiveCfg = Release|Any CPU
		{0C767E4D-8A2D-402D-AABF-59B04DD9260C}.Unicode Release|x64.Build.0 = Release|Any CPU
	EndGlobalSection
	GlobalSection(SolutionProperties) = preSolution
		HideSolutionNode = FALSE
	EndGlobalSection
	GlobalSection(NestedProjects) = preSolution
		{8F228993-29BF-4DAD-95AB-A553C1C23EF0} = {AA70DB07-B2B0-4304-9EF8-2391CC0FA0B0}
		{83C34AD7-B6C6-41FE-986F-BFB7E4773689} = {AA70DB07-B2B0-4304-9EF8-2391CC0FA0B0}
		{B885E87A-AC84-4EE6-8486-9BA16B465CB3} = {AA70DB07-B2B0-4304-9EF8-2391CC0FA0B0}
		{40B63857-FECA-1BAD-5002-3FDE0000002E} = {AA70DB07-B2B0-4304-9EF8-2391CC0FA0B0}
		{0C767E4D-8A2D-402D-AABF-59B04DD9260C} = {5625263C-E307-4AA5-9747-E008CA6DA579}
	EndGlobalSection
	GlobalSection(ExtensibilityGlobals) = postSolution
		SolutionGuid = {A246ADC8-3843-4C70-B468-B650A5CADD33}
	EndGlobalSection
EndGlobal
